
Microsoft Visual Studio Solution File, Format Version 12.00
# Visual Studio Version 17
VisualStudioVersion = 17.11.35219.272
MinimumVisualStudioVersion = 10.0.40219.1
Project("{FAE04EC0-301F-11D3-BF4B-00C04F79EFBC}") = "ConClassDiagram", "es.Slide-370\ConClassDiagram.csproj", "{F7F300BA-601A-405F-840F-3335688734AB}"
EndProject
Project("{FAE04EC0-301F-11D3-BF4B-00C04F79EFBC}") = "SenzaClassDiagram", "SenzaClassDiagram\SenzaClassDiagram.csproj", "{C90DF599-5E25-44EB-9E5F-5EB4B19134D9}"
EndProject
Global
	GlobalSection(SolutionConfigurationPlatforms) = preSolution
		Debug|Any CPU = Debug|Any CPU
		Release|Any CPU = Release|Any CPU
	EndGlobalSection
	GlobalSection(ProjectConfigurationPlatforms) = postSolution
		{F7F300BA-601A-405F-840F-3335688734AB}.Debug|Any CPU.ActiveCfg = Debug|Any CPU
		{F7F300BA-601A-405F-840F-3335688734AB}.Debug|Any CPU.Build.0 = Debug|Any CPU
		{F7F300BA-601A-405F-840F-3335688734AB}.Release|Any CPU.ActiveCfg = Release|Any CPU
		{F7F300BA-601A-405F-840F-3335688734AB}.Release|Any CPU.Build.0 = Release|Any CPU
		{C90DF599-5E25-44EB-9E5F-5EB4B19134D9}.Debug|Any CPU.ActiveCfg = Debug|Any CPU
		{C90DF599-5E25-44EB-9E5F-5EB4B19134D9}.Debug|Any CPU.Build.0 = Debug|Any CPU
		{C90DF599-5E25-44EB-9E5F-5EB4B19134D9}.Release|Any CPU.ActiveCfg = Release|Any CPU
		{C90DF599-5E25-44EB-9E5F-5EB4B19134D9}.Release|Any CPU.Build.0 = Release|Any CPU
	EndGlobalSection
	GlobalSection(SolutionProperties) = preSolution
		HideSolutionNode = FALSE
	EndGlobalSection
	GlobalSection(ExtensibilityGlobals) = postSolution
		SolutionGuid = {382A69E6-A1F2-46E3-9025-A7873A2C7DD4}
	EndGlobalSection
EndGlobal
